// !$*UTF8*$!
{
	archiveVersion = 1;
	classes = {
	};
	objectVersion = 55;
	objects = {

/* Begin PBXBuildFile section */
		2B48945E275E381900E52D99 /* Tests_iOS.swift in Sources */ = {isa = PBXBuildFile; fileRef = 2B48945D275E381900E52D99 /* Tests_iOS.swift */; };
		2B489460275E381900E52D99 /* Tests_iOSLaunchTests.swift in Sources */ = {isa = PBXBuildFile; fileRef = 2B48945F275E381900E52D99 /* Tests_iOSLaunchTests.swift */; };
		2B48946A275E381900E52D99 /* Tests_macOS.swift in Sources */ = {isa = PBXBuildFile; fileRef = 2B489469275E381900E52D99 /* Tests_macOS.swift */; };
		2B48946C275E381900E52D99 /* Tests_macOSLaunchTests.swift in Sources */ = {isa = PBXBuildFile; fileRef = 2B48946B275E381900E52D99 /* Tests_macOSLaunchTests.swift */; };
		2B48946D275E381900E52D99 /* BuildYouHomeApp.swift in Sources */ = {isa = PBXBuildFile; fileRef = 2B489445275E381700E52D99 /* BuildYouHomeApp.swift */; };
		2B48946E275E381900E52D99 /* BuildYouHomeApp.swift in Sources */ = {isa = PBXBuildFile; fileRef = 2B489445275E381700E52D99 /* BuildYouHomeApp.swift */; };
		2B48946F275E381900E52D99 /* ContentView.swift in Sources */ = {isa = PBXBuildFile; fileRef = 2B489446275E381700E52D99 /* ContentView.swift */; };
		2B489470275E381900E52D99 /* ContentView.swift in Sources */ = {isa = PBXBuildFile; fileRef = 2B489446275E381700E52D99 /* ContentView.swift */; };
		2B489471275E381900E52D99 /* Assets.xcassets in Resources */ = {isa = PBXBuildFile; fileRef = 2B489447275E381800E52D99 /* Assets.xcassets */; };
		2B489472275E381900E52D99 /* Assets.xcassets in Resources */ = {isa = PBXBuildFile; fileRef = 2B489447275E381800E52D99 /* Assets.xcassets */; };
/* End PBXBuildFile section */

/* Begin PBXContainerItemProxy section */
		2B48945A275E381900E52D99 /* PBXContainerItemProxy */ = {
			isa = PBXContainerItemProxy;
			containerPortal = 2B489440275E381600E52D99 /* Project object */;
			proxyType = 1;
			remoteGlobalIDString = 2B48944B275E381800E52D99;
			remoteInfo = "BuildYouHome (iOS)";
		};
		2B489466275E381900E52D99 /* PBXContainerItemProxy */ = {
			isa = PBXContainerItemProxy;
			containerPortal = 2B489440275E381600E52D99 /* Project object */;
			proxyType = 1;
			remoteGlobalIDString = 2B489451275E381900E52D99;
			remoteInfo = "BuildYouHome (macOS)";
		};
/* End PBXContainerItemProxy section */

/* Begin PBXFileReference section */
		2B489445275E381700E52D99 /* BuildYouHomeApp.swift */ = {isa = PBXFileReference; lastKnownFileType = sourcecode.swift; path = BuildYouHomeApp.swift; sourceTree = "<group>"; };
		2B489446275E381700E52D99 /* ContentView.swift */ = {isa = PBXFileReference; lastKnownFileType = sourcecode.swift; path = ContentView.swift; sourceTree = "<group>"; };
		2B489447275E381800E52D99 /* Assets.xcassets */ = {isa = PBXFileReference; lastKnownFileType = folder.assetcatalog; path = Assets.xcassets; sourceTree = "<group>"; };
		2B48944C275E381800E52D99 /* BuildYouHome.app */ = {isa = PBXFileReference; explicitFileType = wrapper.application; includeInIndex = 0; path = BuildYouHome.app; sourceTree = BUILT_PRODUCTS_DIR; };
		2B489452275E381900E52D99 /* BuildYouHome.app */ = {isa = PBXFileReference; explicitFileType = wrapper.application; includeInIndex = 0; path = BuildYouHome.app; sourceTree = BUILT_PRODUCTS_DIR; };
		2B489454275E381900E52D99 /* macOS.entitlements */ = {isa = PBXFileReference; lastKnownFileType = text.plist.entitlements; path = macOS.entitlements; sourceTree = "<group>"; };
		2B489459275E381900E52D99 /* Tests iOS.xctest */ = {isa = PBXFileReference; explicitFileType = wrapper.cfbundle; includeInIndex = 0; path = "Tests iOS.xctest"; sourceTree = BUILT_PRODUCTS_DIR; };
		2B48945D275E381900E52D99 /* Tests_iOS.swift */ = {isa = PBXFileReference; lastKnownFileType = sourcecode.swift; path = Tests_iOS.swift; sourceTree = "<group>"; };
		2B48945F275E381900E52D99 /* Tests_iOSLaunchTests.swift */ = {isa = PBXFileReference; lastKnownFileType = sourcecode.swift; path = Tests_iOSLaunchTests.swift; sourceTree = "<group>"; };
		2B489465275E381900E52D99 /* Tests macOS.xctest */ = {isa = PBXFileReference; explicitFileType = wrapper.cfbundle; includeInIndex = 0; path = "Tests macOS.xctest"; sourceTree = BUILT_PRODUCTS_DIR; };
		2B489469275E381900E52D99 /* Tests_macOS.swift */ = {isa = PBXFileReference; lastKnownFileType = sourcecode.swift; path = Tests_macOS.swift; sourceTree = "<group>"; };
		2B48946B275E381900E52D99 /* Tests_macOSLaunchTests.swift */ = {isa = PBXFileReference; lastKnownFileType = sourcecode.swift; path = Tests_macOSLaunchTests.swift; sourceTree = "<group>"; };
/* End PBXFileReference section */

/* Begin PBXFrameworksBuildPhase section */
		2B489449275E381800E52D99 /* Frameworks */ = {
			isa = PBXFrameworksBuildPhase;
			buildActionMask = 2147483647;
			files = (
			);
			runOnlyForDeploymentPostprocessing = 0;
		};
		2B48944F275E381900E52D99 /* Frameworks */ = {
			isa = PBXFrameworksBuildPhase;
			buildActionMask = 2147483647;
			files = (
			);
			runOnlyForDeploymentPostprocessing = 0;
		};
		2B489456275E381900E52D99 /* Frameworks */ = {
			isa = PBXFrameworksBuildPhase;
			buildActionMask = 2147483647;
			files = (
			);
			runOnlyForDeploymentPostprocessing = 0;
		};
		2B489462275E381900E52D99 /* Frameworks */ = {
			isa = PBXFrameworksBuildPhase;
			buildActionMask = 2147483647;
			files = (
			);
			runOnlyForDeploymentPostprocessing = 0;
		};
/* End PBXFrameworksBuildPhase section */

/* Begin PBXGroup section */
		2B48943F275E381600E52D99 = {
			isa = PBXGroup;
			children = (
				2B489444275E381700E52D99 /* Shared */,
				2B489453275E381900E52D99 /* macOS */,
				2B48945C275E381900E52D99 /* Tests iOS */,
				2B489468275E381900E52D99 /* Tests macOS */,
				2B48944D275E381800E52D99 /* Products */,
			);
			sourceTree = "<group>";
		};
		2B489444275E381700E52D99 /* Shared */ = {
			isa = PBXGroup;
			children = (
				2B489445275E381700E52D99 /* BuildYouHomeApp.swift */,
				2B489446275E381700E52D99 /* ContentView.swift */,
				2B489447275E381800E52D99 /* Assets.xcassets */,
			);
			path = Shared;
			sourceTree = "<group>";
		};
		2B48944D275E381800E52D99 /* Products */ = {
			isa = PBXGroup;
			children = (
				2B48944C275E381800E52D99 /* BuildYouHome.app */,
				2B489452275E381900E52D99 /* BuildYouHome.app */,
				2B489459275E381900E52D99 /* Tests iOS.xctest */,
				2B489465275E381900E52D99 /* Tests macOS.xctest */,
			);
			name = Products;
			sourceTree = "<group>";
		};
		2B489453275E381900E52D99 /* macOS */ = {
			isa = PBXGroup;
			children = (
				2B489454275E381900E52D99 /* macOS.entitlements */,
			);
			path = macOS;
			sourceTree = "<group>";
		};
		2B48945C275E381900E52D99 /* Tests iOS */ = {
			isa = PBXGroup;
			children = (
				2B48945D275E381900E52D99 /* Tests_iOS.swift */,
				2B48945F275E381900E52D99 /* Tests_iOSLaunchTests.swift */,
			);
			path = "Tests iOS";
			sourceTree = "<group>";
		};
		2B489468275E381900E52D99 /* Tests macOS */ = {
			isa = PBXGroup;
			children = (
				2B489469275E381900E52D99 /* Tests_macOS.swift */,
				2B48946B275E381900E52D99 /* Tests_macOSLaunchTests.swift */,
			);
			path = "Tests macOS";
			sourceTree = "<group>";
		};
/* End PBXGroup section */

/* Begin PBXNativeTarget section */
		2B48944B275E381800E52D99 /* BuildYouHome (iOS) */ = {
			isa = PBXNativeTarget;
			buildConfigurationList = 2B489475275E381900E52D99 /* Build configuration list for PBXNativeTarget "BuildYouHome (iOS)" */;
			buildPhases = (
				2B489448275E381800E52D99 /* Sources */,
				2B489449275E381800E52D99 /* Frameworks */,
				2B48944A275E381800E52D99 /* Resources */,
			);
			buildRules = (
			);
			dependencies = (
			);
			name = "BuildYouHome (iOS)";
			productName = "BuildYouHome (iOS)";
			productReference = 2B48944C275E381800E52D99 /* BuildYouHome.app */;
			productType = "com.apple.product-type.application";
		};
		2B489451275E381900E52D99 /* BuildYouHome (macOS) */ = {
			isa = PBXNativeTarget;
			buildConfigurationList = 2B489478275E381900E52D99 /* Build configuration list for PBXNativeTarget "BuildYouHome (macOS)" */;
			buildPhases = (
				2B48944E275E381900E52D99 /* Sources */,
				2B48944F275E381900E52D99 /* Frameworks */,
				2B489450275E381900E52D99 /* Resources */,
			);
			buildRules = (
			);
			dependencies = (
			);
			name = "BuildYouHome (macOS)";
			productName = "BuildYouHome (macOS)";
			productReference = 2B489452275E381900E52D99 /* BuildYouHome.app */;
			productType = "com.apple.product-type.application";
		};
		2B489458275E381900E52D99 /* Tests iOS */ = {
			isa = PBXNativeTarget;
			buildConfigurationList = 2B48947B275E381900E52D99 /* Build configuration list for PBXNativeTarget "Tests iOS" */;
			buildPhases = (
				2B489455275E381900E52D99 /* Sources */,
				2B489456275E381900E52D99 /* Frameworks */,
				2B489457275E381900E52D99 /* Resources */,
			);
			buildRules = (
			);
			dependencies = (
				2B48945B275E381900E52D99 /* PBXTargetDependency */,
			);
			name = "Tests iOS";
			productName = "Tests iOS";
			productReference = 2B489459275E381900E52D99 /* Tests iOS.xctest */;
			productType = "com.apple.product-type.bundle.ui-testing";
		};
		2B489464275E381900E52D99 /* Tests macOS */ = {
			isa = PBXNativeTarget;
			buildConfigurationList = 2B48947E275E381900E52D99 /* Build configuration list for PBXNativeTarget "Tests macOS" */;
			buildPhases = (
				2B489461275E381900E52D99 /* Sources */,
				2B489462275E381900E52D99 /* Frameworks */,
				2B489463275E381900E52D99 /* Resources */,
			);
			buildRules = (
			);
			dependencies = (
				2B489467275E381900E52D99 /* PBXTargetDependency */,
			);
			name = "Tests macOS";
			productName = "Tests macOS";
			productReference = 2B489465275E381900E52D99 /* Tests macOS.xctest */;
			productType = "com.apple.product-type.bundle.ui-testing";
		};
/* End PBXNativeTarget section */

/* Begin PBXProject section */
		2B489440275E381600E52D99 /* Project object */ = {
			isa = PBXProject;
			attributes = {
				BuildIndependentTargetsInParallel = 1;
				LastSwiftUpdateCheck = 1310;
				LastUpgradeCheck = 1310;
				TargetAttributes = {
					2B48944B275E381800E52D99 = {
						CreatedOnToolsVersion = 13.1;
					};
					2B489451275E381900E52D99 = {
						CreatedOnToolsVersion = 13.1;
					};
					2B489458275E381900E52D99 = {
						CreatedOnToolsVersion = 13.1;
						TestTargetID = 2B48944B275E381800E52D99;
					};
					2B489464275E381900E52D99 = {
						CreatedOnToolsVersion = 13.1;
						TestTargetID = 2B489451275E381900E52D99;
					};
				};
			};
			buildConfigurationList = 2B489443275E381600E52D99 /* Build configuration list for PBXProject "BuildYouHome" */;
			compatibilityVersion = "Xcode 13.0";
			developmentRegion = en;
			hasScannedForEncodings = 0;
			knownRegions = (
				en,
				Base,
			);
			mainGroup = 2B48943F275E381600E52D99;
			productRefGroup = 2B48944D275E381800E52D99 /* Products */;
			projectDirPath = "";
			projectRoot = "";
			targets = (
				2B48944B275E381800E52D99 /* BuildYouHome (iOS) */,
				2B489451275E381900E52D99 /* BuildYouHome (macOS) */,
				2B489458275E381900E52D99 /* Tests iOS */,
				2B489464275E381900E52D99 /* Tests macOS */,
			);
		};
/* End PBXProject section */

/* Begin PBXResourcesBuildPhase section */
		2B48944A275E381800E52D99 /* Resources */ = {
			isa = PBXResourcesBuildPhase;
			buildActionMask = 2147483647;
			files = (
				2B489471275E381900E52D99 /* Assets.xcassets in Resources */,
			);
			runOnlyForDeploymentPostprocessing = 0;
		};
		2B489450275E381900E52D99 /* Resources */ = {
			isa = PBXResourcesBuildPhase;
			buildActionMask = 2147483647;
			files = (
				2B489472275E381900E52D99 /* Assets.xcassets in Resources */,
			);
			runOnlyForDeploymentPostprocessing = 0;
		};
		2B489457275E381900E52D99 /* Resources */ = {
			isa = PBXResourcesBuildPhase;
			buildActionMask = 2147483647;
			files = (
			);
			runOnlyForDeploymentPostprocessing = 0;
		};
		2B489463275E381900E52D99 /* Resources */ = {
			isa = PBXResourcesBuildPhase;
			buildActionMask = 2147483647;
			files = (
			);
			runOnlyForDeploymentPostprocessing = 0;
		};
/* End PBXResourcesBuildPhase section */

/* Begin PBXSourcesBuildPhase section */
		2B489448275E381800E52D99 /* Sources */ = {
			isa = PBXSourcesBuildPhase;
			buildActionMask = 2147483647;
			files = (
				2B48946F275E381900E52D99 /* ContentView.swift in Sources */,
				2B48946D275E381900E52D99 /* BuildYouHomeApp.swift in Sources */,
			);
			runOnlyForDeploymentPostprocessing = 0;
		};
		2B48944E275E381900E52D99 /* Sources */ = {
			isa = PBXSourcesBuildPhase;
			buildActionMask = 2147483647;
			files = (
				2B489470275E381900E52D99 /* ContentView.swift in Sources */,
				2B48946E275E381900E52D99 /* BuildYouHomeApp.swift in Sources */,
			);
			runOnlyForDeploymentPostprocessing = 0;
		};
		2B489455275E381900E52D99 /* Sources */ = {
			isa = PBXSourcesBuildPhase;
			buildActionMask = 2147483647;
			files = (
				2B489460275E381900E52D99 /* Tests_iOSLaunchTests.swift in Sources */,
				2B48945E275E381900E52D99 /* Tests_iOS.swift in Sources */,
			);
			runOnlyForDeploymentPostprocessing = 0;
		};
		2B489461275E381900E52D99 /* Sources */ = {
			isa = PBXSourcesBuildPhase;
			buildActionMask = 2147483647;
			files = (
				2B48946C275E381900E52D99 /* Tests_macOSLaunchTests.swift in Sources */,
				2B48946A275E381900E52D99 /* Tests_macOS.swift in Sources */,
			);
			runOnlyForDeploymentPostprocessing = 0;
		};
/* End PBXSourcesBuildPhase section */

/* Begin PBXTargetDependency section */
		2B48945B275E381900E52D99 /* PBXTargetDependency */ = {
			isa = PBXTargetDependency;
			target = 2B48944B275E381800E52D99 /* BuildYouHome (iOS) */;
			targetProxy = 2B48945A275E381900E52D99 /* PBXContainerItemProxy */;
		};
		2B489467275E381900E52D99 /* PBXTargetDependency */ = {
			isa = PBXTargetDependency;
			target = 2B489451275E381900E52D99 /* BuildYouHome (macOS) */;
			targetProxy = 2B489466275E381900E52D99 /* PBXContainerItemProxy */;
		};
/* End PBXTargetDependency section */

/* Begin XCBuildConfiguration section */
		2B489473275E381900E52D99 /* Debug */ = {
			isa = XCBuildConfiguration;
			buildSettings = {
				ALWAYS_SEARCH_USER_PATHS = NO;
				CLANG_ANALYZER_NONNULL = YES;
				CLANG_ANALYZER_NUMBER_OBJECT_CONVERSION = YES_AGGRESSIVE;
				CLANG_CXX_LANGUAGE_STANDARD = "gnu++17";
				CLANG_CXX_LIBRARY = "libc++";
				CLANG_ENABLE_MODULES = YES;
				CLANG_ENABLE_OBJC_ARC = YES;
				CLANG_ENABLE_OBJC_WEAK = YES;
				CLANG_WARN_BLOCK_CAPTURE_AUTORELEASING = YES;
				CLANG_WARN_BOOL_CONVERSION = YES;
				CLANG_WARN_COMMA = YES;
				CLANG_WARN_CONSTANT_CONVERSION = YES;
				CLANG_WARN_DEPRECATED_OBJC_IMPLEMENTATIONS = YES;
				CLANG_WARN_DIRECT_OBJC_ISA_USAGE = YES_ERROR;
				CLANG_WARN_DOCUMENTATION_COMMENTS = YES;
				CLANG_WARN_EMPTY_BODY = YES;
				CLANG_WARN_ENUM_CONVERSION = YES;
				CLANG_WARN_INFINITE_RECURSION = YES;
				CLANG_WARN_INT_CONVERSION = YES;
				CLANG_WARN_NON_LITERAL_NULL_CONVERSION = YES;
				CLANG_WARN_OBJC_IMPLICIT_RETAIN_SELF = YES;
				CLANG_WARN_OBJC_LITERAL_CONVERSION = YES;
				CLANG_WARN_OBJC_ROOT_CLASS = YES_ERROR;
				CLANG_WARN_QUOTED_INCLUDE_IN_FRAMEWORK_HEADER = YES;
				CLANG_WARN_RANGE_LOOP_ANALYSIS = YES;
				CLANG_WARN_STRICT_PROTOTYPES = YES;
				CLANG_WARN_SUSPICIOUS_MOVE = YES;
				CLANG_WARN_UNGUARDED_AVAILABILITY = YES_AGGRESSIVE;
				CLANG_WARN_UNREACHABLE_CODE = YES;
				CLANG_WARN__DUPLICATE_METHOD_MATCH = YES;
				COPY_PHASE_STRIP = NO;
				DEBUG_INFORMATION_FORMAT = dwarf;
				ENABLE_STRICT_OBJC_MSGSEND = YES;
				ENABLE_TESTABILITY = YES;
				GCC_C_LANGUAGE_STANDARD = gnu11;
				GCC_DYNAMIC_NO_PIC = NO;
				GCC_NO_COMMON_BLOCKS = YES;
				GCC_OPTIMIZATION_LEVEL = 0;
				GCC_PREPROCESSOR_DEFINITIONS = (
					"DEBUG=1",
					"$(inherited)",
				);
				GCC_WARN_64_TO_32_BIT_CONVERSION = YES;
				GCC_WARN_ABOUT_RETURN_TYPE = YES_ERROR;
				GCC_WARN_UNDECLARED_SELECTOR = YES;
				GCC_WARN_UNINITIALIZED_AUTOS = YES_AGGRESSIVE;
				GCC_WARN_UNUSED_FUNCTION = YES;
				GCC_WARN_UNUSED_VARIABLE = YES;
				MTL_ENABLE_DEBUG_INFO = INCLUDE_SOURCE;
				MTL_FAST_MATH = YES;
				ONLY_ACTIVE_ARCH = YES;
				SWIFT_ACTIVE_COMPILATION_CONDITIONS = DEBUG;
				SWIFT_OPTIMIZATION_LEVEL = "-Onone";
			};
			name = Debug;
		};
		2B489474275E381900E52D99 /* Release */ = {
			isa = XCBuildConfiguration;
			buildSettings = {
				ALWAYS_SEARCH_USER_PATHS = NO;
				CLANG_ANALYZER_NONNULL = YES;
				CLANG_ANALYZER_NUMBER_OBJECT_CONVERSION = YES_AGGRESSIVE;
				CLANG_CXX_LANGUAGE_STANDARD = "gnu++17";
				CLANG_CXX_LIBRARY = "libc++";
				CLANG_ENABLE_MODULES = YES;
				CLANG_ENABLE_OBJC_ARC = YES;
				CLANG_ENABLE_OBJC_WEAK = YES;
				CLANG_WARN_BLOCK_CAPTURE_AUTORELEASING = YES;
				CLANG_WARN_BOOL_CONVERSION = YES;
				CLANG_WARN_COMMA = YES;
				CLANG_WARN_CONSTANT_CONVERSION = YES;
				CLANG_WARN_DEPRECATED_OBJC_IMPLEMENTATIONS = YES;
				CLANG_WARN_DIRECT_OBJC_ISA_USAGE = YES_ERROR;
				CLANG_WARN_DOCUMENTATION_COMMENTS = YES;
				CLANG_WARN_EMPTY_BODY = YES;
				CLANG_WARN_ENUM_CONVERSION = YES;
				CLANG_WARN_INFINITE_RECURSION = YES;
				CLANG_WARN_INT_CONVERSION = YES;
				CLANG_WARN_NON_LITERAL_NULL_CONVERSION = YES;
				CLANG_WARN_OBJC_IMPLICIT_RETAIN_SELF = YES;
				CLANG_WARN_OBJC_LITERAL_CONVERSION = YES;
				CLANG_WARN_OBJC_ROOT_CLASS = YES_ERROR;
				CLANG_WARN_QUOTED_INCLUDE_IN_FRAMEWORK_HEADER = YES;
				CLANG_WARN_RANGE_LOOP_ANALYSIS = YES;
				CLANG_WARN_STRICT_PROTOTYPES = YES;
				CLANG_WARN_SUSPICIOUS_MOVE = YES;
				CLANG_WARN_UNGUARDED_AVAILABILITY = YES_AGGRESSIVE;
				CLANG_WARN_UNREACHABLE_CODE = YES;
				CLANG_WARN__DUPLICATE_METHOD_MATCH = YES;
				COPY_PHASE_STRIP = NO;
				DEBUG_INFORMATION_FORMAT = "dwarf-with-dsym";
				ENABLE_NS_ASSERTIONS = NO;
				ENABLE_STRICT_OBJC_MSGSEND = YES;
				GCC_C_LANGUAGE_STANDARD = gnu11;
				GCC_NO_COMMON_BLOCKS = YES;
				GCC_WARN_64_TO_32_BIT_CONVERSION = YES;
				GCC_WARN_ABOUT_RETURN_TYPE = YES_ERROR;
				GCC_WARN_UNDECLARED_SELECTOR = YES;
				GCC_WARN_UNINITIALIZED_AUTOS = YES_AGGRESSIVE;
				GCC_WARN_UNUSED_FUNCTION = YES;
				GCC_WARN_UNUSED_VARIABLE = YES;
				MTL_ENABLE_DEBUG_INFO = NO;
				MTL_FAST_MATH = YES;
				SWIFT_COMPILATION_MODE = wholemodule;
				SWIFT_OPTIMIZATION_LEVEL = "-O";
			};
			name = Release;
		};
		2B489476275E381900E52D99 /* Debug */ = {
			isa = XCBuildConfiguration;
			buildSettings = {
				ASSETCATALOG_COMPILER_APPICON_NAME = AppIcon;
				ASSETCATALOG_COMPILER_GLOBAL_ACCENT_COLOR_NAME = AccentColor;
				CODE_SIGN_STYLE = Automatic;
				CURRENT_PROJECT_VERSION = 1;
				DEVELOPMENT_TEAM = 5TKNSQNN85;
				ENABLE_PREVIEWS = YES;
				GENERATE_INFOPLIST_FILE = YES;
				INFOPLIST_KEY_UIApplicationSceneManifest_Generation = YES;
				INFOPLIST_KEY_UIApplicationSupportsIndirectInputEvents = YES;
				INFOPLIST_KEY_UILaunchScreen_Generation = YES;
				INFOPLIST_KEY_UISupportedInterfaceOrientations_iPad = "UIInterfaceOrientationPortrait UIInterfaceOrientationPortraitUpsideDown UIInterfaceOrientationLandscapeLeft UIInterfaceOrientationLandscapeRight";
				INFOPLIST_KEY_UISupportedInterfaceOrientations_iPhone = "UIInterfaceOrientationPortrait UIInterfaceOrientationLandscapeLeft UIInterfaceOrientationLandscapeRight";
				IPHONEOS_DEPLOYMENT_TARGET = 15.0;
				LD_RUNPATH_SEARCH_PATHS = (
					"$(inherited)",
					"@executable_path/Frameworks",
				);
				MARKETING_VERSION = 1.0;
				PRODUCT_BUNDLE_IDENTIFIER = com.hjhjw1991.barney.BuildYouHome;
				PRODUCT_NAME = BuildYouHome;
				SDKROOT = iphoneos;
				SWIFT_EMIT_LOC_STRINGS = YES;
				SWIFT_VERSION = 5.0;
				TARGETED_DEVICE_FAMILY = "1,2";
			};
			name = Debug;
		};
		2B489477275E381900E52D99 /* Release */ = {
			isa = XCBuildConfiguration;
			buildSettings = {
				ASSETCATALOG_COMPILER_APPICON_NAME = AppIcon;
				ASSETCATALOG_COMPILER_GLOBAL_ACCENT_COLOR_NAME = AccentColor;
				CODE_SIGN_STYLE = Automatic;
				CURRENT_PROJECT_VERSION = 1;
				DEVELOPMENT_TEAM = 5TKNSQNN85;
				ENABLE_PREVIEWS = YES;
				GENERATE_INFOPLIST_FILE = YES;
				INFOPLIST_KEY_UIApplicationSceneManifest_Generation = YES;
				INFOPLIST_KEY_UIApplicationSupportsIndirectInputEvents = YES;
				INFOPLIST_KEY_UILaunchScreen_Generation = YES;
				INFOPLIST_KEY_UISupportedInterfaceOrientations_iPad = "UIInterfaceOrientationPortrait UIInterfaceOrientationPortraitUpsideDown UIInterfaceOrientationLandscapeLeft UIInterfaceOrientationLandscapeRight";
				INFOPLIST_KEY_UISupportedInterfaceOrientations_iPhone = "UIInterfaceOrientationPortrait UIInterfaceOrientationLandscapeLeft UIInterfaceOrientationLandscapeRight";
				IPHONEOS_DEPLOYMENT_TARGET = 15.0;
				LD_RUNPATH_SEARCH_PATHS = (
					"$(inherited)",
					"@executable_path/Frameworks",
				);
				MARKETING_VERSION = 1.0;
				PRODUCT_BUNDLE_IDENTIFIER = com.hjhjw1991.barney.BuildYouHome;
				PRODUCT_NAME = BuildYouHome;
				SDKROOT = iphoneos;
				SWIFT_EMIT_LOC_STRINGS = YES;
				SWIFT_VERSION = 5.0;
				TARGETED_DEVICE_FAMILY = "1,2";
				VALIDATE_PRODUCT = YES;
			};
			name = Release;
		};
		2B489479275E381900E52D99 /* Debug */ = {
			isa = XCBuildConfiguration;
			buildSettings = {
				ASSETCATALOG_COMPILER_APPICON_NAME = AppIcon;
				ASSETCATALOG_COMPILER_GLOBAL_ACCENT_COLOR_NAME = AccentColor;
				CODE_SIGN_ENTITLEMENTS = macOS/macOS.entitlements;
				CODE_SIGN_STYLE = Automatic;
				COMBINE_HIDPI_IMAGES = YES;
				CURRENT_PROJECT_VERSION = 1;
				DEVELOPMENT_TEAM = 5TKNSQNN85;
				ENABLE_HARDENED_RUNTIME = YES;
				ENABLE_PREVIEWS = YES;
				GENERATE_INFOPLIST_FILE = YES;
				INFOPLIST_KEY_NSHumanReadableCopyright = "";
				LD_RUNPATH_SEARCH_PATHS = (
					"$(inherited)",
					"@executable_path/../Frameworks",
				);
				MACOSX_DEPLOYMENT_TARGET = 12.0;
				MARKETING_VERSION = 1.0;
				PRODUCT_BUNDLE_IDENTIFIER = com.hjhjw1991.barney.BuildYouHome;
				PRODUCT_NAME = BuildYouHome;
				SDKROOT = macosx;
				SWIFT_EMIT_LOC_STRINGS = YES;
				SWIFT_VERSION = 5.0;
			};
			name = Debug;
		};
		2B48947A275E381900E52D99 /* Release */ = {
			isa = XCBuildConfiguration;
			buildSettings = {
				ASSETCATALOG_COMPILER_APPICON_NAME = AppIcon;
				ASSETCATALOG_COMPILER_GLOBAL_ACCENT_COLOR_NAME = AccentColor;
				CODE_SIGN_ENTITLEMENTS = macOS/macOS.entitlements;
				CODE_SIGN_STYLE = Automatic;
				COMBINE_HIDPI_IMAGES = YES;
				CURRENT_PROJECT_VERSION = 1;
				DEVELOPMENT_TEAM = 5TKNSQNN85;
				ENABLE_HARDENED_RUNTIME = YES;
				ENABLE_PREVIEWS = YES;
				GENERATE_INFOPLIST_FILE = YES;
				INFOPLIST_KEY_NSHumanReadableCopyright = "";
				LD_RUNPATH_SEARCH_PATHS = (
					"$(inherited)",
					"@executable_path/../Frameworks",
				);
				MACOSX_DEPLOYMENT_TARGET = 12.0;
				MARKETING_VERSION = 1.0;
				PRODUCT_BUNDLE_IDENTIFIER = com.hjhjw1991.barney.BuildYouHome;
				PRODUCT_NAME = BuildYouHome;
				SDKROOT = macosx;
				SWIFT_EMIT_LOC_STRINGS = YES;
				SWIFT_VERSION = 5.0;
			};
			name = Release;
		};
		2B48947C275E381900E52D99 /* Debug */ = {
			isa = XCBuildConfiguration;
			buildSettings = {
				ALWAYS_EMBED_SWIFT_STANDARD_LIBRARIES = YES;
				CODE_SIGN_STYLE = Automatic;
				CURRENT_PROJECT_VERSION = 1;
				DEVELOPMENT_TEAM = 5TKNSQNN85;
				GENERATE_INFOPLIST_FILE = YES;
				IPHONEOS_DEPLOYMENT_TARGET = 15.0;
				LD_RUNPATH_SEARCH_PATHS = (
					"$(inherited)",
					"@executable_path/Frameworks",
					"@loader_path/Frameworks",
				);
				MARKETING_VERSION = 1.0;
				PRODUCT_BUNDLE_IDENTIFIER = "com.hjhjw1991.barney.Tests-iOS";
				PRODUCT_NAME = "$(TARGET_NAME)";
				SDKROOT = iphoneos;
				SWIFT_EMIT_LOC_STRINGS = NO;
				SWIFT_VERSION = 5.0;
				TARGETED_DEVICE_FAMILY = "1,2";
				TEST_TARGET_NAME = "BuildYouHome (iOS)";
			};
			name = Debug;
		};
		2B48947D275E381900E52D99 /* Release */ = {
			isa = XCBuildConfiguration;
			buildSettings = {
				ALWAYS_EMBED_SWIFT_STANDARD_LIBRARIES = YES;
				CODE_SIGN_STYLE = Automatic;
				CURRENT_PROJECT_VERSION = 1;
				DEVELOPMENT_TEAM = 5TKNSQNN85;
				GENERATE_INFOPLIST_FILE = YES;
				IPHONEOS_DEPLOYMENT_TARGET = 15.0;
				LD_RUNPATH_SEARCH_PATHS = (
					"$(inherited)",
					"@executable_path/Frameworks",
					"@loader_path/Frameworks",
				);
				MARKETING_VERSION = 1.0;
				PRODUCT_BUNDLE_IDENTIFIER = "com.hjhjw1991.barney.Tests-iOS";
				PRODUCT_NAME = "$(TARGET_NAME)";
				SDKROOT = iphoneos;
				SWIFT_EMIT_LOC_STRINGS = NO;
				SWIFT_VERSION = 5.0;
				TARGETED_DEVICE_FAMILY = "1,2";
				TEST_TARGET_NAME = "BuildYouHome (iOS)";
				VALIDATE_PRODUCT = YES;
			};
			name = Release;
		};
		2B48947F275E381900E52D99 /* Debug */ = {
			isa = XCBuildConfiguration;
			buildSettings = {
				ALWAYS_EMBED_SWIFT_STANDARD_LIBRARIES = YES;
				CODE_SIGN_STYLE = Automatic;
				COMBINE_HIDPI_IMAGES = YES;
				CURRENT_PROJECT_VERSION = 1;
				DEVELOPMENT_TEAM = 5TKNSQNN85;
				GENERATE_INFOPLIST_FILE = YES;
				LD_RUNPATH_SEARCH_PATHS = (
					"$(inherited)",
					"@executable_path/../Frameworks",
					"@loader_path/../Frameworks",
				);
				MACOSX_DEPLOYMENT_TARGET = 12.0;
				MARKETING_VERSION = 1.0;
				PRODUCT_BUNDLE_IDENTIFIER = "com.hjhjw1991.barney.Tests-macOS";
				PRODUCT_NAME = "$(TARGET_NAME)";
				SDKROOT = macosx;
				SWIFT_EMIT_LOC_STRINGS = NO;
				SWIFT_VERSION = 5.0;
				TEST_TARGET_NAME = "BuildYouHome (macOS)";
			};
			name = Debug;
		};
		2B489480275E381900E52D99 /* Release */ = {
			isa = XCBuildConfiguration;
			buildSettings = {
				ALWAYS_EMBED_SWIFT_STANDARD_LIBRARIES = YES;
				CODE_SIGN_STYLE = Automatic;
				COMBINE_HIDPI_IMAGES = YES;
				CURRENT_PROJECT_VERSION = 1;
				DEVELOPMENT_TEAM = 5TKNSQNN85;
				GENERATE_INFOPLIST_FILE = YES;
				LD_RUNPATH_SEARCH_PATHS = (
					"$(inherited)",
					"@executable_path/../Frameworks",
					"@loader_path/../Frameworks",
				);
				MACOSX_DEPLOYMENT_TARGET = 12.0;
				MARKETING_VERSION = 1.0;
				PRODUCT_BUNDLE_IDENTIFIER = "com.hjhjw1991.barney.Tests-macOS";
				PRODUCT_NAME = "$(TARGET_NAME)";
				SDKROOT = macosx;
				SWIFT_EMIT_LOC_STRINGS = NO;
				SWIFT_VERSION = 5.0;
				TEST_TARGET_NAME = "BuildYouHome (macOS)";
			};
			name = Release;
		};
/* End XCBuildConfiguration section */

/* Begin XCConfigurationList section */
		2B489443275E381600E52D99 /* Build configuration list for PBXProject "BuildYouHome" */ = {
			isa = XCConfigurationList;
			buildConfigurations = (
				2B489473275E381900E52D99 /* Debug */,
				2B489474275E381900E52D99 /* Release */,
			);
			defaultConfigurationIsVisible = 0;
			defaultConfigurationName = Release;
		};
		2B489475275E381900E52D99 /* Build configuration list for PBXNativeTarget "BuildYouHome (iOS)" */ = {
			isa = XCConfigurationList;
			buildConfigurations = (
				2B489476275E381900E52D99 /* Debug */,
				2B489477275E381900E52D99 /* Release */,
			);
			defaultConfigurationIsVisible = 0;
			defaultConfigurationName = Release;
		};
		2B489478275E381900E52D99 /* Build configuration list for PBXNativeTarget "BuildYouHome (macOS)" */ = {
			isa = XCConfigurationList;
			buildConfigurations = (
				2B489479275E381900E52D99 /* Debug */,
				2B48947A275E381900E52D99 /* Release */,
			);
			defaultConfigurationIsVisible = 0;
			defaultConfigurationName = Release;
		};
		2B48947B275E381900E52D99 /* Build configuration list for PBXNativeTarget "Tests iOS" */ = {
			isa = XCConfigurationList;
			buildConfigurations = (
				2B48947C275E381900E52D99 /* Debug */,
				2B48947D275E381900E52D99 /* Release */,
			);
			defaultConfigurationIsVisible = 0;
			defaultConfigurationName = Release;
		};
		2B48947E275E381900E52D99 /* Build configuration list for PBXNativeTarget "Tests macOS" */ = {
			isa = XCConfigurationList;
			buildConfigurations = (
				2B48947F275E381900E52D99 /* Debug */,
				2B489480275E381900E52D99 /* Release */,
			);
			defaultConfigurationIsVisible = 0;
			defaultConfigurationName = Release;
		};
/* End XCConfigurationList section */
	};
	rootObject = 2B489440275E381600E52D99 /* Project object */;
}
